
Microsoft Visual Studio Solution File, Format Version 12.00
# Visual Studio 15
VisualStudioVersion = 15.0.26730.16
MinimumVisualStudioVersion = 10.0.40219.1
Project("{FAE04EC0-301F-11D3-BF4B-00C04F79EFBC}") = "EquipmentStore.Web", "EquipmentStore.Web\EquipmentStore.Web.csproj", "{5EB70F20-24FE-48EA-9392-2962C4CAC718}"
EndProject
Project("{FAE04EC0-301F-11D3-BF4B-00C04F79EFBC}") = "EquipmentStore.DAL", "EquipmentStore.DAL\EquipmentStore.DAL.csproj", "{9908EEF8-6AA5-41E0-AD7C-FC4ABC3D2D19}"
EndProject
Project("{FAE04EC0-301F-11D3-BF4B-00C04F79EFBC}") = "EquipmentStore.BLL", "EquipmentStore.BLL\EquipmentStore.BLL.csproj", "{C0313F2D-8992-47C1-9B81-8D433E0C0ABF}"
EndProject
Project("{FAE04EC0-301F-11D3-BF4B-00C04F79EFBC}") = "EquipmentStore.Common", "EquipmentStore.Common\EquipmentStore.Common.csproj", "{E4888DBB-CC71-4D39-AECA-B0DFB80645E3}"
EndProject
Project("{FAE04EC0-301F-11D3-BF4B-00C04F79EFBC}") = "EquipmentStore.Core", "EquipmentStore.Core\EquipmentStore.Core.csproj", "{FB3AD1FD-9677-4C46-BFB7-4AF7E69AE4B3}"
EndProject
Global
	GlobalSection(SolutionConfigurationPlatforms) = preSolution
		Debug|Any CPU = Debug|Any CPU
		Release|Any CPU = Release|Any CPU
	EndGlobalSection
	GlobalSection(ProjectConfigurationPlatforms) = postSolution
		{5EB70F20-24FE-48EA-9392-2962C4CAC718}.Debug|Any CPU.ActiveCfg = Debug|Any CPU
		{5EB70F20-24FE-48EA-9392-2962C4CAC718}.Debug|Any CPU.Build.0 = Debug|Any CPU
		{5EB70F20-24FE-48EA-9392-2962C4CAC718}.Release|Any CPU.ActiveCfg = Release|Any CPU
		{5EB70F20-24FE-48EA-9392-2962C4CAC718}.Release|Any CPU.Build.0 = Release|Any CPU
		{9908EEF8-6AA5-41E0-AD7C-FC4ABC3D2D19}.Debug|Any CPU.ActiveCfg = Debug|Any CPU
		{9908EEF8-6AA5-41E0-AD7C-FC4ABC3D2D19}.Debug|Any CPU.Build.0 = Debug|Any CPU
		{9908EEF8-6AA5-41E0-AD7C-FC4ABC3D2D19}.Release|Any CPU.ActiveCfg = Release|Any CPU
		{9908EEF8-6AA5-41E0-AD7C-FC4ABC3D2D19}.Release|Any CPU.Build.0 = Release|Any CPU
		{C0313F2D-8992-47C1-9B81-8D433E0C0ABF}.Debug|Any CPU.ActiveCfg = Debug|Any CPU
		{C0313F2D-8992-47C1-9B81-8D433E0C0ABF}.Debug|Any CPU.Build.0 = Debug|Any CPU
		{C0313F2D-8992-47C1-9B81-8D433E0C0ABF}.Release|Any CPU.ActiveCfg = Release|Any CPU
		{C0313F2D-8992-47C1-9B81-8D433E0C0ABF}.Release|Any CPU.Build.0 = Release|Any CPU
		{E4888DBB-CC71-4D39-AECA-B0DFB80645E3}.Debug|Any CPU.ActiveCfg = Debug|Any CPU
		{E4888DBB-CC71-4D39-AECA-B0DFB80645E3}.Debug|Any CPU.Build.0 = Debug|Any CPU
		{E4888DBB-CC71-4D39-AECA-B0DFB80645E3}.Release|Any CPU.ActiveCfg = Release|Any CPU
		{E4888DBB-CC71-4D39-AECA-B0DFB80645E3}.Release|Any CPU.Build.0 = Release|Any CPU
		{FB3AD1FD-9677-4C46-BFB7-4AF7E69AE4B3}.Debug|Any CPU.ActiveCfg = Debug|Any CPU
		{FB3AD1FD-9677-4C46-BFB7-4AF7E69AE4B3}.Debug|Any CPU.Build.0 = Debug|Any CPU
		{FB3AD1FD-9677-4C46-BFB7-4AF7E69AE4B3}.Release|Any CPU.ActiveCfg = Release|Any CPU
		{FB3AD1FD-9677-4C46-BFB7-4AF7E69AE4B3}.Release|Any CPU.Build.0 = Release|Any CPU
	EndGlobalSection
	GlobalSection(SolutionProperties) = preSolution
		HideSolutionNode = FALSE
	EndGlobalSection
	GlobalSection(ExtensibilityGlobals) = postSolution
		SolutionGuid = {382E1990-BE33-47F4-AF2C-BCBB78B9E37F}
	EndGlobalSection
EndGlobal
